{
  "name": "smartsize",
  "version": "1.0.0",
  "lockfileVersion": 2,
  "requires": true,
  "packages": {
    "": {
      "name": "smartsize",
      "version": "1.0.0",
      "license": "ISC",
      "dependencies": {
        "@vtmn/css": "^0.85.16"
      }
    },
    "node_modules/@vtmn/css": {
      "version": "0.85.16",
      "resolved": "https://registry.npmjs.org/@vtmn/css/-/css-0.85.16.tgz",
      "integrity": "sha512-ytWUpe6mHiJ7JK6KXGIEMQVrKyBwOvxzwSszamji6ey3+YoNbA8EheRZiRMrn3nncG5pzFD/UqZP4dbVxmE3hg=="
    }
  },
  "dependencies": {
    "@vtmn/css": {
      "version": "0.85.16",
      "resolved": "https://registry.npmjs.org/@vtmn/css/-/css-0.85.16.tgz",
      "integrity": "sha512-ytWUpe6mHiJ7JK6KXGIEMQVrKyBwOvxzwSszamji6ey3+YoNbA8EheRZiRMrn3nncG5pzFD/UqZP4dbVxmE3hg=="
    }
  }
}
